
Microsoft Visual Studio Solution File, Format Version 12.00
# Visual Studio 15
VisualStudioVersion = 15.0.27703.2018
MinimumVisualStudioVersion = 10.0.40219.1
Project("{FAE04EC0-301F-11D3-BF4B-00C04F79EFBC}") = "DataAccess", "DataAccess\DataAccess.csproj", "{A09B4F48-FEA7-4056-88C8-C9AD6E4BFF71}"
EndProject
Project("{FAE04EC0-301F-11D3-BF4B-00C04F79EFBC}") = "Models", "Models\Models.csproj", "{7A8463F0-7058-4EAA-B3E2-B678683013D1}"
EndProject
Project("{FAE04EC0-301F-11D3-BF4B-00C04F79EFBC}") = "Web", "Web\Web.csproj", "{FE057EBA-AF9D-421B-8141-3D7B8D824218}"
EndProject
Project("{FAE04EC0-301F-11D3-BF4B-00C04F79EFBC}") = "UnitTest", "UnitTest\UnitTest.csproj", "{16A4FC1D-26EB-4D09-97B2-5B8EE1D70964}"
EndProject
Global
	GlobalSection(SolutionConfigurationPlatforms) = preSolution
		Debug|Any CPU = Debug|Any CPU
		Release|Any CPU = Release|Any CPU
	EndGlobalSection
	GlobalSection(ProjectConfigurationPlatforms) = postSolution
		{A09B4F48-FEA7-4056-88C8-C9AD6E4BFF71}.Debug|Any CPU.ActiveCfg = Debug|Any CPU
		{A09B4F48-FEA7-4056-88C8-C9AD6E4BFF71}.Debug|Any CPU.Build.0 = Debug|Any CPU
		{A09B4F48-FEA7-4056-88C8-C9AD6E4BFF71}.Release|Any CPU.ActiveCfg = Release|Any CPU
		{A09B4F48-FEA7-4056-88C8-C9AD6E4BFF71}.Release|Any CPU.Build.0 = Release|Any CPU
		{7A8463F0-7058-4EAA-B3E2-B678683013D1}.Debug|Any CPU.ActiveCfg = Debug|Any CPU
		{7A8463F0-7058-4EAA-B3E2-B678683013D1}.Debug|Any CPU.Build.0 = Debug|Any CPU
		{7A8463F0-7058-4EAA-B3E2-B678683013D1}.Release|Any CPU.ActiveCfg = Release|Any CPU
		{7A8463F0-7058-4EAA-B3E2-B678683013D1}.Release|Any CPU.Build.0 = Release|Any CPU
		{FE057EBA-AF9D-421B-8141-3D7B8D824218}.Debug|Any CPU.ActiveCfg = Debug|Any CPU
		{FE057EBA-AF9D-421B-8141-3D7B8D824218}.Debug|Any CPU.Build.0 = Debug|Any CPU
		{FE057EBA-AF9D-421B-8141-3D7B8D824218}.Release|Any CPU.ActiveCfg = Release|Any CPU
		{FE057EBA-AF9D-421B-8141-3D7B8D824218}.Release|Any CPU.Build.0 = Release|Any CPU
		{16A4FC1D-26EB-4D09-97B2-5B8EE1D70964}.Debug|Any CPU.ActiveCfg = Debug|Any CPU
		{16A4FC1D-26EB-4D09-97B2-5B8EE1D70964}.Debug|Any CPU.Build.0 = Debug|Any CPU
		{16A4FC1D-26EB-4D09-97B2-5B8EE1D70964}.Release|Any CPU.ActiveCfg = Release|Any CPU
		{16A4FC1D-26EB-4D09-97B2-5B8EE1D70964}.Release|Any CPU.Build.0 = Release|Any CPU
	EndGlobalSection
	GlobalSection(SolutionProperties) = preSolution
		HideSolutionNode = FALSE
	EndGlobalSection
	GlobalSection(ExtensibilityGlobals) = postSolution
		SolutionGuid = {47AE17CD-94E9-48B5-9FF2-C471CB5064C9}
	EndGlobalSection
EndGlobal
